github.com/gorilla/mux v1.8.1 h1:TuBL49tXwgrFYWhqrNgrUNEY92u81SPhu7sTdzQEiWY=
github.com/gorilla/mux v1.8.1/go.mod h1:AKf9I4AEqPTmMytcMc0KkNouC66V3BtZ4qD5fmWSiMQ=
github.com/uber/h3-go/v4 v4.2.0 h1:Gv8zTAXXa5xkribMh328ZoOVgeLZRyPMdgjdD0BPdRU=
github.com/uber/h3-go/v4 v4.2.0/go.mod h1:SkJtzM1NvRicoJdlcPuhXIR/2m2aah6TxUVW8bYui7Y=
